# This file is autogenerated, do not edit; changes may be undone by the next 'dep ensure'.


[[projects]]
  branch = "master"
  name = "github.com/tidwall/pretty"
  packages = ["."]
  revision = "65a9db5fad5105a89e17f38adcc9878685be6d78"

[solve-meta]
  analyzer-name = "dep"
  analyzer-version = 1
  inputs-digest = "72f51a9b783ee8073ed9cfcb350fb65d9f427209ac0dd141ca387703aec6df42"
  solver-name = "gps-cdcl"
  solver-version = 1
